// !$*UTF8*$!
{
	archiveVersion = 1;
	classes = {
	};
	objectVersion = 46;
	objects = {

/* Begin PBXBuildFile section */
		B95DBB4E152DE52500070302 /* UIKit.framework in Frameworks */ = {isa = PBXBuildFile; fileRef = B95DBB4D152DE52500070302 /* UIKit.framework */; };
		B95DBB50152DE52500070302 /* Foundation.framework in Frameworks */ = {isa = PBXBuildFile; fileRef = B95DBB4F152DE52500070302 /* Foundation.framework */; };
		B95DBB52152DE52500070302 /* CoreGraphics.framework in Frameworks */ = {isa = PBXBuildFile; fileRef = B95DBB51152DE52500070302 /* CoreGraphics.framework */; };
		B95DBB58152DE52500070302 /* InfoPlist.strings in Resources */ = {isa = PBXBuildFile; fileRef = B95DBB56152DE52500070302 /* InfoPlist.strings */; };
		B95DBB5A152DE52500070302 /* main.m in Sources */ = {isa = PBXBuildFile; fileRef = B95DBB59152DE52500070302 /* main.m */; };
		B95DBB5E152DE52500070302 /* TrackerAppDelegate.m in Sources */ = {isa = PBXBuildFile; fileRef = B95DBB5D152DE52500070302 /* TrackerAppDelegate.m */; };
		B95DBB61152DE52500070302 /* MainStoryboard.storyboard in Resources */ = {isa = PBXBuildFile; fileRef = B95DBB5F152DE52500070302 /* MainStoryboard.storyboard */; };
		B95DBB9D152DFA5500070302 /* 158-wrench-2.png in Resources */ = {isa = PBXBuildFile; fileRef = B95DBB96152DFA5500070302 /* 158-wrench-2.png */; };
		B95DBB9E152DFA5500070302 /* 83-calendar.png in Resources */ = {isa = PBXBuildFile; fileRef = B95DBB97152DFA5500070302 /* 83-calendar.png */; };
		B95DBB9F152DFA5500070302 /* Calendar.png in Resources */ = {isa = PBXBuildFile; fileRef = B95DBB98152DFA5500070302 /* Calendar.png */; };
		B95DBBA0152DFA5500070302 /* Calendar@2x.png in Resources */ = {isa = PBXBuildFile; fileRef = B95DBB99152DFA5500070302 /* Calendar@2x.png */; };
		B95DBBA1152DFA5500070302 /* Default~iphone (1).png in Resources */ = {isa = PBXBuildFile; fileRef = B95DBB9A152DFA5500070302 /* Default~iphone (1).png */; };
		B95DBBA2152DFA5500070302 /* list.png in Resources */ = {isa = PBXBuildFile; fileRef = B95DBB9B152DFA5500070302 /* list.png */; };
		B95DBBA3152DFA5500070302 /* list@2x.png in Resources */ = {isa = PBXBuildFile; fileRef = B95DBB9C152DFA5500070302 /* list@2x.png */; };
		B95DBBA8152DFE6B00070302 /* ShowsTableViewController.m in Sources */ = {isa = PBXBuildFile; fileRef = B95DBBA7152DFE6B00070302 /* ShowsTableViewController.m */; };
		B95DBBB5152DFF9000070302 /* UpcomingTableViewController.m in Sources */ = {isa = PBXBuildFile; fileRef = B95DBBB4152DFF9000070302 /* UpcomingTableViewController.m */; };
		B95DBBB8152DFFB600070302 /* ToWatchTableViewController.m in Sources */ = {isa = PBXBuildFile; fileRef = B95DBBB7152DFFB600070302 /* ToWatchTableViewController.m */; };
		B95DBBBB152DFFDD00070302 /* FavoriteTableViewController.m in Sources */ = {isa = PBXBuildFile; fileRef = B95DBBBA152DFFDD00070302 /* FavoriteTableViewController.m */; };
		B95DBBBE152DFFFF00070302 /* SettingsViewController.m in Sources */ = {isa = PBXBuildFile; fileRef = B95DBBBD152DFFFF00070302 /* SettingsViewController.m */; };
		B9877A771531B6BE005D68F3 /* FileHandling.m in Sources */ = {isa = PBXBuildFile; fileRef = B9877A761531B6BE005D68F3 /* FileHandling.m */; };
		B99FDF9B152F1EB7004ADC59 /* AddShowsViewController.m in Sources */ = {isa = PBXBuildFile; fileRef = B99FDF9A152F1EB7004ADC59 /* AddShowsViewController.m */; };
/* End PBXBuildFile section */

/* Begin PBXFileReference section */
		B95DBB49152DE52500070302 /* Showtracker.app */ = {isa = PBXFileReference; explicitFileType = wrapper.application; includeInIndex = 0; path = Showtracker.app; sourceTree = BUILT_PRODUCTS_DIR; };
		B95DBB4D152DE52500070302 /* UIKit.framework */ = {isa = PBXFileReference; lastKnownFileType = wrapper.framework; name = UIKit.framework; path = System/Library/Frameworks/UIKit.framework; sourceTree = SDKROOT; };
		B95DBB4F152DE52500070302 /* Foundation.framework */ = {isa = PBXFileReference; lastKnownFileType = wrapper.framework; name = Foundation.framework; path = System/Library/Frameworks/Foundation.framework; sourceTree = SDKROOT; };
		B95DBB51152DE52500070302 /* CoreGraphics.framework */ = {isa = PBXFileReference; lastKnownFileType = wrapper.framework; name = CoreGraphics.framework; path = System/Library/Frameworks/CoreGraphics.framework; sourceTree = SDKROOT; };
		B95DBB55152DE52500070302 /* Showtracker-Info.plist */ = {isa = PBXFileReference; lastKnownFileType = text.plist.xml; path = "Showtracker-Info.plist"; sourceTree = "<group>"; };
		B95DBB57152DE52500070302 /* en */ = {isa = PBXFileReference; lastKnownFileType = text.plist.strings; name = en; path = en.lproj/InfoPlist.strings; sourceTree = "<group>"; };
		B95DBB59152DE52500070302 /* main.m */ = {isa = PBXFileReference; lastKnownFileType = sourcecode.c.objc; lineEnding = 0; path = main.m; sourceTree = "<group>"; xcLanguageSpecificationIdentifier = xcode.lang.objc; };
		B95DBB5B152DE52500070302 /* Showtracker-Prefix.pch */ = {isa = PBXFileReference; lastKnownFileType = sourcecode.c.h; path = "Showtracker-Prefix.pch"; sourceTree = "<group>"; };
		B95DBB5C152DE52500070302 /* TrackerAppDelegate.h */ = {isa = PBXFileReference; lastKnownFileType = sourcecode.c.h; lineEnding = 0; path = TrackerAppDelegate.h; sourceTree = "<group>"; xcLanguageSpecificationIdentifier = xcode.lang.objcpp; };
		B95DBB5D152DE52500070302 /* TrackerAppDelegate.m */ = {isa = PBXFileReference; lastKnownFileType = sourcecode.c.objc; lineEnding = 0; path = TrackerAppDelegate.m; sourceTree = "<group>"; xcLanguageSpecificationIdentifier = xcode.lang.objc; };
		B95DBB60152DE52500070302 /* en */ = {isa = PBXFileReference; lastKnownFileType = file.storyboard; name = en; path = en.lproj/MainStoryboard.storyboard; sourceTree = "<group>"; };
		B95DBB96152DFA5500070302 /* 158-wrench-2.png */ = {isa = PBXFileReference; lastKnownFileType = image.png; path = "158-wrench-2.png"; sourceTree = "<group>"; };
		B95DBB97152DFA5500070302 /* 83-calendar.png */ = {isa = PBXFileReference; lastKnownFileType = image.png; path = "83-calendar.png"; sourceTree = "<group>"; };
		B95DBB98152DFA5500070302 /* Calendar.png */ = {isa = PBXFileReference; lastKnownFileType = image.png; path = Calendar.png; sourceTree = "<group>"; };
		B95DBB99152DFA5500070302 /* Calendar@2x.png */ = {isa = PBXFileReference; lastKnownFileType = image.png; path = "Calendar@2x.png"; sourceTree = "<group>"; };
		B95DBB9A152DFA5500070302 /* Default~iphone (1).png */ = {isa = PBXFileReference; lastKnownFileType = image.png; path = "Default~iphone (1).png"; sourceTree = "<group>"; };
		B95DBB9B152DFA5500070302 /* list.png */ = {isa = PBXFileReference; lastKnownFileType = image.png; path = list.png; sourceTree = "<group>"; };
		B95DBB9C152DFA5500070302 /* list@2x.png */ = {isa = PBXFileReference; lastKnownFileType = image.png; path = "list@2x.png"; sourceTree = "<group>"; };
		B95DBBA6152DFE6B00070302 /* ShowsTableViewController.h */ = {isa = PBXFileReference; fileEncoding = 4; lastKnownFileType = sourcecode.c.h; lineEnding = 0; name = ShowsTableViewController.h; path = ViewControllers/Shows/ShowsTableViewController.h; sourceTree = "<group>"; xcLanguageSpecificationIdentifier = xcode.lang.objcpp; };
		B95DBBA7152DFE6B00070302 /* ShowsTableViewController.m */ = {isa = PBXFileReference; fileEncoding = 4; lastKnownFileType = sourcecode.c.objc; lineEnding = 0; name = ShowsTableViewController.m; path = ViewControllers/Shows/ShowsTableViewController.m; sourceTree = "<group>"; xcLanguageSpecificationIdentifier = xcode.lang.objc; };
		B95DBBB3152DFF9000070302 /* UpcomingTableViewController.h */ = {isa = PBXFileReference; fileEncoding = 4; lastKnownFileType = sourcecode.c.h; lineEnding = 0; name = UpcomingTableViewController.h; path = ViewControllers/Upcoming/UpcomingTableViewController.h; sourceTree = "<group>"; xcLanguageSpecificationIdentifier = xcode.lang.objcpp; };
		B95DBBB4152DFF9000070302 /* UpcomingTableViewController.m */ = {isa = PBXFileReference; fileEncoding = 4; lastKnownFileType = sourcecode.c.objc; lineEnding = 0; name = UpcomingTableViewController.m; path = ViewControllers/Upcoming/UpcomingTableViewController.m; sourceTree = "<group>"; xcLanguageSpecificationIdentifier = xcode.lang.objc; };
		B95DBBB6152DFFB600070302 /* ToWatchTableViewController.h */ = {isa = PBXFileReference; fileEncoding = 4; lastKnownFileType = sourcecode.c.h; lineEnding = 0; name = ToWatchTableViewController.h; path = ViewControllers/ToWatch/ToWatchTableViewController.h; sourceTree = "<group>"; xcLanguageSpecificationIdentifier = xcode.lang.objcpp; };
		B95DBBB7152DFFB600070302 /* ToWatchTableViewController.m */ = {isa = PBXFileReference; fileEncoding = 4; lastKnownFileType = sourcecode.c.objc; lineEnding = 0; name = ToWatchTableViewController.m; path = ViewControllers/ToWatch/ToWatchTableViewController.m; sourceTree = "<group>"; xcLanguageSpecificationIdentifier = xcode.lang.objc; };
		B95DBBB9152DFFDD00070302 /* FavoriteTableViewController.h */ = {isa = PBXFileReference; fileEncoding = 4; lastKnownFileType = sourcecode.c.h; lineEnding = 0; name = FavoriteTableViewController.h; path = ViewControllers/Favorite/FavoriteTableViewController.h; sourceTree = "<group>"; xcLanguageSpecificationIdentifier = xcode.lang.objcpp; };
		B95DBBBA152DFFDD00070302 /* FavoriteTableViewController.m */ = {isa = PBXFileReference; fileEncoding = 4; lastKnownFileType = sourcecode.c.objc; lineEnding = 0; name = FavoriteTableViewController.m; path = ViewControllers/Favorite/FavoriteTableViewController.m; sourceTree = "<group>"; xcLanguageSpecificationIdentifier = xcode.lang.objc; };
		B95DBBBC152DFFFF00070302 /* SettingsViewController.h */ = {isa = PBXFileReference; fileEncoding = 4; lastKnownFileType = sourcecode.c.h; lineEnding = 0; name = SettingsViewController.h; path = ViewControllers/Settings/SettingsViewController.h; sourceTree = "<group>"; xcLanguageSpecificationIdentifier = xcode.lang.objcpp; };
		B95DBBBD152DFFFF00070302 /* SettingsViewController.m */ = {isa = PBXFileReference; fileEncoding = 4; lastKnownFileType = sourcecode.c.objc; lineEnding = 0; name = SettingsViewController.m; path = ViewControllers/Settings/SettingsViewController.m; sourceTree = "<group>"; xcLanguageSpecificationIdentifier = xcode.lang.objc; };
		B9877A751531B6BE005D68F3 /* FileHandling.h */ = {isa = PBXFileReference; fileEncoding = 4; lastKnownFileType = sourcecode.c.h; name = FileHandling.h; path = ViewControllers/Shows/FileHandling.h; sourceTree = "<group>"; };
		B9877A761531B6BE005D68F3 /* FileHandling.m */ = {isa = PBXFileReference; fileEncoding = 4; lastKnownFileType = sourcecode.c.objc; name = FileHandling.m; path = ViewControllers/Shows/FileHandling.m; sourceTree = "<group>"; };
		B99FDF99152F1EB7004ADC59 /* AddShowsViewController.h */ = {isa = PBXFileReference; fileEncoding = 4; lastKnownFileType = sourcecode.c.h; name = AddShowsViewController.h; path = ViewControllers/Shows/AddShowsViewController.h; sourceTree = "<group>"; };
		B99FDF9A152F1EB7004ADC59 /* AddShowsViewController.m */ = {isa = PBXFileReference; fileEncoding = 4; lastKnownFileType = sourcecode.c.objc; name = AddShowsViewController.m; path = ViewControllers/Shows/AddShowsViewController.m; sourceTree = "<group>"; };
/* End PBXFileReference section */

/* Begin PBXFrameworksBuildPhase section */
		B95DBB46152DE52500070302 /* Frameworks */ = {
			isa = PBXFrameworksBuildPhase;
			buildActionMask = 2147483647;
			files = (
				B95DBB4E152DE52500070302 /* UIKit.framework in Frameworks */,
				B95DBB50152DE52500070302 /* Foundation.framework in Frameworks */,
				B95DBB52152DE52500070302 /* CoreGraphics.framework in Frameworks */,
			);
			runOnlyForDeploymentPostprocessing = 0;
		};
/* End PBXFrameworksBuildPhase section */

/* Begin PBXGroup section */
		B95DBB3E152DE52400070302 = {
			isa = PBXGroup;
			children = (
				B95DBB53152DE52500070302 /* Showtracker */,
				B95DBB75152DE6DF00070302 /* Resources */,
				B95DBB4C152DE52500070302 /* Frameworks */,
				B95DBB4A152DE52500070302 /* Products */,
			);
			sourceTree = "<group>";
		};
		B95DBB4A152DE52500070302 /* Products */ = {
			isa = PBXGroup;
			children = (
				B95DBB49152DE52500070302 /* Showtracker.app */,
			);
			name = Products;
			sourceTree = "<group>";
		};
		B95DBB4C152DE52500070302 /* Frameworks */ = {
			isa = PBXGroup;
			children = (
				B95DBB4D152DE52500070302 /* UIKit.framework */,
				B95DBB4F152DE52500070302 /* Foundation.framework */,
				B95DBB51152DE52500070302 /* CoreGraphics.framework */,
			);
			name = Frameworks;
			sourceTree = "<group>";
		};
		B95DBB53152DE52500070302 /* Showtracker */ = {
			isa = PBXGroup;
			children = (
				B95DBBA4152DFDEE00070302 /* ViewControllers */,
				B95DBB5C152DE52500070302 /* TrackerAppDelegate.h */,
				B95DBB5D152DE52500070302 /* TrackerAppDelegate.m */,
				B95DBB5F152DE52500070302 /* MainStoryboard.storyboard */,
				B95DBB54152DE52500070302 /* Supporting Files */,
			);
			path = Showtracker;
			sourceTree = "<group>";
		};
		B95DBB54152DE52500070302 /* Supporting Files */ = {
			isa = PBXGroup;
			children = (
				B95DBB55152DE52500070302 /* Showtracker-Info.plist */,
				B95DBB56152DE52500070302 /* InfoPlist.strings */,
				B95DBB59152DE52500070302 /* main.m */,
				B95DBB5B152DE52500070302 /* Showtracker-Prefix.pch */,
			);
			name = "Supporting Files";
			sourceTree = "<group>";
		};
		B95DBB75152DE6DF00070302 /* Resources */ = {
			isa = PBXGroup;
			children = (
				B95DBB95152DFA5500070302 /* icons */,
			);
			name = Resources;
			path = Showtracker;
			sourceTree = "<group>";
		};
		B95DBB95152DFA5500070302 /* icons */ = {
			isa = PBXGroup;
			children = (
				B95DBB96152DFA5500070302 /* 158-wrench-2.png */,
				B95DBB97152DFA5500070302 /* 83-calendar.png */,
				B95DBB98152DFA5500070302 /* Calendar.png */,
				B95DBB99152DFA5500070302 /* Calendar@2x.png */,
				B95DBB9A152DFA5500070302 /* Default~iphone (1).png */,
				B95DBB9B152DFA5500070302 /* list.png */,
				B95DBB9C152DFA5500070302 /* list@2x.png */,
			);
			path = icons;
			sourceTree = "<group>";
		};
		B95DBBA4152DFDEE00070302 /* ViewControllers */ = {
			isa = PBXGroup;
			children = (
				B95DBBA5152DFE1000070302 /* Shows */,
				B95DBBA9152DFEB900070302 /* Upcoming */,
				B95DBBB1152DFF4000070302 /* Favorites */,
				B95DBBB0152DFF1200070302 /* To Watch */,
				B95DBBB2152DFF5200070302 /* Settings */,
			);
			name = ViewControllers;
			sourceTree = "<group>";
		};
		B95DBBA5152DFE1000070302 /* Shows */ = {
			isa = PBXGroup;
			children = (
				B99FDF99152F1EB7004ADC59 /* AddShowsViewController.h */,
				B99FDF9A152F1EB7004ADC59 /* AddShowsViewController.m */,
				B95DBBA6152DFE6B00070302 /* ShowsTableViewController.h */,
				B95DBBA7152DFE6B00070302 /* ShowsTableViewController.m */,
				B9877A751531B6BE005D68F3 /* FileHandling.h */,
				B9877A761531B6BE005D68F3 /* FileHandling.m */,
			);
			name = Shows;
			sourceTree = "<group>";
		};
		B95DBBA9152DFEB900070302 /* Upcoming */ = {
			isa = PBXGroup;
			children = (
				B95DBBB3152DFF9000070302 /* UpcomingTableViewController.h */,
				B95DBBB4152DFF9000070302 /* UpcomingTableViewController.m */,
			);
			name = Upcoming;
			sourceTree = "<group>";
		};
		B95DBBB0152DFF1200070302 /* To Watch */ = {
			isa = PBXGroup;
			children = (
				B95DBBB6152DFFB600070302 /* ToWatchTableViewController.h */,
				B95DBBB7152DFFB600070302 /* ToWatchTableViewController.m */,
			);
			name = "To Watch";
			sourceTree = "<group>";
		};
		B95DBBB1152DFF4000070302 /* Favorites */ = {
			isa = PBXGroup;
			children = (
				B95DBBB9152DFFDD00070302 /* FavoriteTableViewController.h */,
				B95DBBBA152DFFDD00070302 /* FavoriteTableViewController.m */,
			);
			name = Favorites;
			sourceTree = "<group>";
		};
		B95DBBB2152DFF5200070302 /* Settings */ = {
			isa = PBXGroup;
			children = (
				B95DBBBC152DFFFF00070302 /* SettingsViewController.h */,
				B95DBBBD152DFFFF00070302 /* SettingsViewController.m */,
			);
			name = Settings;
			sourceTree = "<group>";
		};
/* End PBXGroup section */

/* Begin PBXNativeTarget section */
		B95DBB48152DE52500070302 /* Showtracker */ = {
			isa = PBXNativeTarget;
			buildConfigurationList = B95DBB72152DE52600070302 /* Build configuration list for PBXNativeTarget "Showtracker" */;
			buildPhases = (
				B95DBB45152DE52500070302 /* Sources */,
				B95DBB46152DE52500070302 /* Frameworks */,
				B95DBB47152DE52500070302 /* Resources */,
			);
			buildRules = (
			);
			dependencies = (
			);
			name = Showtracker;
			productName = Showtracker;
			productReference = B95DBB49152DE52500070302 /* Showtracker.app */;
			productType = "com.apple.product-type.application";
		};
/* End PBXNativeTarget section */

/* Begin PBXProject section */
		B95DBB40152DE52400070302 /* Project object */ = {
			isa = PBXProject;
			attributes = {
				LastUpgradeCheck = 0420;
				ORGANIZATIONNAME = "Hani Kazmi";
			};
			buildConfigurationList = B95DBB43152DE52400070302 /* Build configuration list for PBXProject "Showtracker" */;
			compatibilityVersion = "Xcode 3.2";
			developmentRegion = English;
			hasScannedForEncodings = 0;
			knownRegions = (
				en,
			);
			mainGroup = B95DBB3E152DE52400070302;
			productRefGroup = B95DBB4A152DE52500070302 /* Products */;
			projectDirPath = "";
			projectRoot = "";
			targets = (
				B95DBB48152DE52500070302 /* Showtracker */,
			);
		};
/* End PBXProject section */

/* Begin PBXResourcesBuildPhase section */
		B95DBB47152DE52500070302 /* Resources */ = {
			isa = PBXResourcesBuildPhase;
			buildActionMask = 2147483647;
			files = (
				B95DBB58152DE52500070302 /* InfoPlist.strings in Resources */,
				B95DBB61152DE52500070302 /* MainStoryboard.storyboard in Resources */,
				B95DBB9D152DFA5500070302 /* 158-wrench-2.png in Resources */,
				B95DBB9E152DFA5500070302 /* 83-calendar.png in Resources */,
				B95DBB9F152DFA5500070302 /* Calendar.png in Resources */,
				B95DBBA0152DFA5500070302 /* Calendar@2x.png in Resources */,
				B95DBBA1152DFA5500070302 /* Default~iphone (1).png in Resources */,
				B95DBBA2152DFA5500070302 /* list.png in Resources */,
				B95DBBA3152DFA5500070302 /* list@2x.png in Resources */,
			);
			runOnlyForDeploymentPostprocessing = 0;
		};
/* End PBXResourcesBuildPhase section */

/* Begin PBXSourcesBuildPhase section */
		B95DBB45152DE52500070302 /* Sources */ = {
			isa = PBXSourcesBuildPhase;
			buildActionMask = 2147483647;
			files = (
				B95DBB5A152DE52500070302 /* main.m in Sources */,
				B95DBB5E152DE52500070302 /* TrackerAppDelegate.m in Sources */,
				B95DBBA8152DFE6B00070302 /* ShowsTableViewController.m in Sources */,
				B95DBBB5152DFF9000070302 /* UpcomingTableViewController.m in Sources */,
				B95DBBB8152DFFB600070302 /* ToWatchTableViewController.m in Sources */,
				B95DBBBB152DFFDD00070302 /* FavoriteTableViewController.m in Sources */,
				B95DBBBE152DFFFF00070302 /* SettingsViewController.m in Sources */,
				B99FDF9B152F1EB7004ADC59 /* AddShowsViewController.m in Sources */,
				B9877A771531B6BE005D68F3 /* FileHandling.m in Sources */,
			);
			runOnlyForDeploymentPostprocessing = 0;
		};
/* End PBXSourcesBuildPhase section */

/* Begin PBXVariantGroup section */
		B95DBB56152DE52500070302 /* InfoPlist.strings */ = {
			isa = PBXVariantGroup;
			children = (
				B95DBB57152DE52500070302 /* en */,
			);
			name = InfoPlist.strings;
			sourceTree = "<group>";
		};
		B95DBB5F152DE52500070302 /* MainStoryboard.storyboard */ = {
			isa = PBXVariantGroup;
			children = (
				B95DBB60152DE52500070302 /* en */,
			);
			name = MainStoryboard.storyboard;
			sourceTree = "<group>";
		};
/* End PBXVariantGroup section */

/* Begin XCBuildConfiguration section */
		B95DBB70152DE52600070302 /* Debug */ = {
			isa = XCBuildConfiguration;
			buildSettings = {
				ALWAYS_SEARCH_USER_PATHS = NO;
				ARCHS = "$(ARCHS_STANDARD_32_BIT)";
				CLANG_ENABLE_OBJC_ARC = YES;
				"CODE_SIGN_IDENTITY[sdk=iphoneos*]" = "iPhone Developer";
				COPY_PHASE_STRIP = NO;
				GCC_C_LANGUAGE_STANDARD = gnu99;
				GCC_DYNAMIC_NO_PIC = NO;
				GCC_OPTIMIZATION_LEVEL = 0;
				GCC_PREPROCESSOR_DEFINITIONS = (
					"DEBUG=1",
					"$(inherited)",
				);
				GCC_SYMBOLS_PRIVATE_EXTERN = NO;
				GCC_VERSION = com.apple.compilers.llvm.clang.1_0;
				GCC_WARN_ABOUT_MISSING_PROTOTYPES = YES;
				GCC_WARN_ABOUT_RETURN_TYPE = YES;
				GCC_WARN_UNUSED_VARIABLE = YES;
				IPHONEOS_DEPLOYMENT_TARGET = 5.0;
				SDKROOT = iphoneos;
			};
			name = Debug;
		};
		B95DBB71152DE52600070302 /* Release */ = {
			isa = XCBuildConfiguration;
			buildSettings = {
				ALWAYS_SEARCH_USER_PATHS = NO;
				ARCHS = "$(ARCHS_STANDARD_32_BIT)";
				CLANG_ENABLE_OBJC_ARC = YES;
				"CODE_SIGN_IDENTITY[sdk=iphoneos*]" = "iPhone Developer";
				COPY_PHASE_STRIP = YES;
				GCC_C_LANGUAGE_STANDARD = gnu99;
				GCC_VERSION = com.apple.compilers.llvm.clang.1_0;
				GCC_WARN_ABOUT_MISSING_PROTOTYPES = YES;
				GCC_WARN_ABOUT_RETURN_TYPE = YES;
				GCC_WARN_UNUSED_VARIABLE = YES;
				IPHONEOS_DEPLOYMENT_TARGET = 5.0;
				OTHER_CFLAGS = "-DNS_BLOCK_ASSERTIONS=1";
				SDKROOT = iphoneos;
				VALIDATE_PRODUCT = YES;
			};
			name = Release;
		};
		B95DBB73152DE52600070302 /* Debug */ = {
			isa = XCBuildConfiguration;
			buildSettings = {
				GCC_PRECOMPILE_PREFIX_HEADER = YES;
				GCC_PREFIX_HEADER = "Showtracker/Showtracker-Prefix.pch";
				INFOPLIST_FILE = "Showtracker/Showtracker-Info.plist";
				PRODUCT_NAME = "$(TARGET_NAME)";
				WRAPPER_EXTENSION = app;
			};
			name = Debug;
		};
		B95DBB74152DE52600070302 /* Release */ = {
			isa = XCBuildConfiguration;
			buildSettings = {
				GCC_PRECOMPILE_PREFIX_HEADER = YES;
				GCC_PREFIX_HEADER = "Showtracker/Showtracker-Prefix.pch";
				INFOPLIST_FILE = "Showtracker/Showtracker-Info.plist";
				PRODUCT_NAME = "$(TARGET_NAME)";
				WRAPPER_EXTENSION = app;
			};
			name = Release;
		};
/* End XCBuildConfiguration section */

/* Begin XCConfigurationList section */
		B95DBB43152DE52400070302 /* Build configuration list for PBXProject "Showtracker" */ = {
			isa = XCConfigurationList;
			buildConfigurations = (
				B95DBB70152DE52600070302 /* Debug */,
				B95DBB71152DE52600070302 /* Release */,
			);
			defaultConfigurationIsVisible = 0;
			defaultConfigurationName = Release;
		};
		B95DBB72152DE52600070302 /* Build configuration list for PBXNativeTarget "Showtracker" */ = {
			isa = XCConfigurationList;
			buildConfigurations = (
				B95DBB73152DE52600070302 /* Debug */,
				B95DBB74152DE52600070302 /* Release */,
			);
			defaultConfigurationIsVisible = 0;
			defaultConfigurationName = Release;
		};
/* End XCConfigurationList section */
	};
	rootObject = B95DBB40152DE52400070302 /* Project object */;
}
